
Microsoft Visual Studio Solution File, Format Version 12.00
# Visual Studio Version 16
VisualStudioVersion = 16.0.31624.102
MinimumVisualStudioVersion = 10.0.40219.1
Project("{FAE04EC0-301F-11D3-BF4B-00C04F79EFBC}") = "laba1.1TP", "C:\Users\мвидео\source\repos\laba1.1TP\laba1.1TP\laba1.1TP.csproj", "{B5FB8A1A-3EDB-4D36-B9B3-058FBC540F30}"
EndProject
Project("{FAE04EC0-301F-11D3-BF4B-00C04F79EFBC}") = "laba1.1TPTests", "C:\Users\мвидео\source\repos\laba1.1TP\laba1.1TPTests\laba1.1TPTests.csproj", "{87B7D6CB-F04A-4ABD-8A15-0451A698CC02}"
EndProject
Project("{FAE04EC0-301F-11D3-BF4B-00C04F79EFBC}") = "TestProject1", "C:\Users\мвидео\source\repos\laba1.1TP\TestProject1\TestProject1.csproj", "{9A371D16-75E3-4160-A38D-08C65769C038}"
EndProject
Global
	GlobalSection(SolutionConfigurationPlatforms) = preSolution
		Debug|Any CPU = Debug|Any CPU
		Release|Any CPU = Release|Any CPU
	EndGlobalSection
	GlobalSection(ProjectConfigurationPlatforms) = postSolution
		{B5FB8A1A-3EDB-4D36-B9B3-058FBC540F30}.Debug|Any CPU.ActiveCfg = Debug|Any CPU
		{B5FB8A1A-3EDB-4D36-B9B3-058FBC540F30}.Debug|Any CPU.Build.0 = Debug|Any CPU
		{B5FB8A1A-3EDB-4D36-B9B3-058FBC540F30}.Release|Any CPU.ActiveCfg = Release|Any CPU
		{B5FB8A1A-3EDB-4D36-B9B3-058FBC540F30}.Release|Any CPU.Build.0 = Release|Any CPU
		{87B7D6CB-F04A-4ABD-8A15-0451A698CC02}.Debug|Any CPU.ActiveCfg = Debug|Any CPU
		{87B7D6CB-F04A-4ABD-8A15-0451A698CC02}.Debug|Any CPU.Build.0 = Debug|Any CPU
		{87B7D6CB-F04A-4ABD-8A15-0451A698CC02}.Release|Any CPU.ActiveCfg = Release|Any CPU
		{87B7D6CB-F04A-4ABD-8A15-0451A698CC02}.Release|Any CPU.Build.0 = Release|Any CPU
		{9A371D16-75E3-4160-A38D-08C65769C038}.Debug|Any CPU.ActiveCfg = Debug|Any CPU
		{9A371D16-75E3-4160-A38D-08C65769C038}.Debug|Any CPU.Build.0 = Debug|Any CPU
		{9A371D16-75E3-4160-A38D-08C65769C038}.Release|Any CPU.ActiveCfg = Release|Any CPU
		{9A371D16-75E3-4160-A38D-08C65769C038}.Release|Any CPU.Build.0 = Release|Any CPU
	EndGlobalSection
	GlobalSection(SolutionProperties) = preSolution
		HideSolutionNode = FALSE
	EndGlobalSection
	GlobalSection(ExtensibilityGlobals) = postSolution
		SolutionGuid = {8C609656-AF04-4ED6-B17D-0CB0BE09EF9A}
	EndGlobalSection
EndGlobal
